
Microsoft Visual Studio Solution File, Format Version 12.00
# Visual Studio Version 16
VisualStudioVersion = 16.0.30804.86
MinimumVisualStudioVersion = 10.0.40219.1
Project("{FAE04EC0-301F-11D3-BF4B-00C04F79EFBC}") = "OneNoteVanilla5", "OneNoteVanilla5.csproj", "{08BAA520-4AD2-4920-8D43-39997C4E547C}"
EndProject
Global
	GlobalSection(SolutionConfigurationPlatforms) = preSolution
		Debug|Any CPU = Debug|Any CPU
		Release|Any CPU = Release|Any CPU
	EndGlobalSection
	GlobalSection(ProjectConfigurationPlatforms) = postSolution
		{08BAA520-4AD2-4920-8D43-39997C4E547C}.Debug|Any CPU.ActiveCfg = Debug|Any CPU
		{08BAA520-4AD2-4920-8D43-39997C4E547C}.Debug|Any CPU.Build.0 = Debug|Any CPU
		{08BAA520-4AD2-4920-8D43-39997C4E547C}.Release|Any CPU.ActiveCfg = Release|Any CPU
		{08BAA520-4AD2-4920-8D43-39997C4E547C}.Release|Any CPU.Build.0 = Release|Any CPU
	EndGlobalSection
	GlobalSection(SolutionProperties) = preSolution
		HideSolutionNode = FALSE
	EndGlobalSection
	GlobalSection(ExtensibilityGlobals) = postSolution
		SolutionGuid = {92D22187-4540-4288-9623-88607A6B3556}
	EndGlobalSection
EndGlobal
